PODS:
  - DMSafeKit (0.1.0)
  - Kiwi (3.0.0)

DEPENDENCIES:
  - DMSafeKit (from `../`)
  - Kiwi

SPEC REPOS:
  trunk:
    - Kiwi

EXTERNAL SOURCES:
  DMSafeKit:
    :path: "../"

SPEC CHECKSUMS:
  DMSafeKit: a196f22f2484dde3f06278ff0dcac265ee4527ef
  Kiwi: fbeafef0f00e4d8f7dcb3420a4930afe70af77f7

PODFILE CHECKSUM: 5444f41689aff688b65f3c852640c39638e9e4a0

COCOAPODS: 1.8.4
